
Microsoft Visual Studio Solution File, Format Version 12.00
# Visual Studio 2013
VisualStudioVersion = 12.0.21005.1
MinimumVisualStudioVersion = 10.0.40219.1
Project("{FAE04EC0-301F-11D3-BF4B-00C04F79EFBC}") = "LessonOne", "LessonOne\LessonOne.csproj", "{DC5B9642-F06F-4635-ADAE-EC7FA869390E}"
EndProject
Project("{FAE04EC0-301F-11D3-BF4B-00C04F79EFBC}") = "LessonTwo", "LessonTwo\LessonTwo.csproj", "{08F00E7B-3B2D-4385-8B74-F4F0FA4E393F}"
EndProject
Global
	GlobalSection(SolutionConfigurationPlatforms) = preSolution
		Debug|Any CPU = Debug|Any CPU
		Release|Any CPU = Release|Any CPU
	EndGlobalSection
	GlobalSection(ProjectConfigurationPlatforms) = postSolution
		{DC5B9642-F06F-4635-ADAE-EC7FA869390E}.Debug|Any CPU.ActiveCfg = Debug|Any CPU
		{DC5B9642-F06F-4635-ADAE-EC7FA869390E}.Debug|Any CPU.Build.0 = Debug|Any CPU
		{DC5B9642-F06F-4635-ADAE-EC7FA869390E}.Release|Any CPU.ActiveCfg = Release|Any CPU
		{DC5B9642-F06F-4635-ADAE-EC7FA869390E}.Release|Any CPU.Build.0 = Release|Any CPU
		{08F00E7B-3B2D-4385-8B74-F4F0FA4E393F}.Debug|Any CPU.ActiveCfg = Debug|Any CPU
		{08F00E7B-3B2D-4385-8B74-F4F0FA4E393F}.Debug|Any CPU.Build.0 = Debug|Any CPU
		{08F00E7B-3B2D-4385-8B74-F4F0FA4E393F}.Release|Any CPU.ActiveCfg = Release|Any CPU
		{08F00E7B-3B2D-4385-8B74-F4F0FA4E393F}.Release|Any CPU.Build.0 = Release|Any CPU
	EndGlobalSection
	GlobalSection(SolutionProperties) = preSolution
		HideSolutionNode = FALSE
	EndGlobalSection
EndGlobal
